
Microsoft Visual Studio Solution File, Format Version 11.00
# Visual Studio 2010
Project("{FAE04EC0-301F-11D3-BF4B-00C04F79EFBC}") = "Yaartillery", "Assembly-CSharp.csproj", "{2E333A10-74E3-4ADC-F350-B268598A5D80}"
EndProject
Project("{FAE04EC0-301F-11D3-BF4B-00C04F79EFBC}") = "Yaartillery", "Assembly-CSharp-firstpass.csproj", "{56C6F398-B43F-5C65-87CE-0381848AF42F}"
EndProject
Project("{FAE04EC0-301F-11D3-BF4B-00C04F79EFBC}") = "Yaartillery", "Assembly-CSharp-Editor.csproj", "{073F9D34-17DC-79F9-A89B-DED3F6846363}"
EndProject
Global
	GlobalSection(SolutionConfigurationPlatforms) = preSolution
		Debug|Any CPU = Debug|Any CPU
		Release|Any CPU = Release|Any CPU
	EndGlobalSection
	GlobalSection(ProjectConfigurationPlatforms) = postSolution
		{2E333A10-74E3-4ADC-F350-B268598A5D80}.Debug|Any CPU.ActiveCfg = Debug|Any CPU
		{2E333A10-74E3-4ADC-F350-B268598A5D80}.Debug|Any CPU.Build.0 = Debug|Any CPU
		{2E333A10-74E3-4ADC-F350-B268598A5D80}.Release|Any CPU.ActiveCfg = Release|Any CPU
		{2E333A10-74E3-4ADC-F350-B268598A5D80}.Release|Any CPU.Build.0 = Release|Any CPU
		{56C6F398-B43F-5C65-87CE-0381848AF42F}.Debug|Any CPU.ActiveCfg = Debug|Any CPU
		{56C6F398-B43F-5C65-87CE-0381848AF42F}.Debug|Any CPU.Build.0 = Debug|Any CPU
		{56C6F398-B43F-5C65-87CE-0381848AF42F}.Release|Any CPU.ActiveCfg = Release|Any CPU
		{56C6F398-B43F-5C65-87CE-0381848AF42F}.Release|Any CPU.Build.0 = Release|Any CPU
		{073F9D34-17DC-79F9-A89B-DED3F6846363}.Debug|Any CPU.ActiveCfg = Debug|Any CPU
		{073F9D34-17DC-79F9-A89B-DED3F6846363}.Debug|Any CPU.Build.0 = Debug|Any CPU
		{073F9D34-17DC-79F9-A89B-DED3F6846363}.Release|Any CPU.ActiveCfg = Release|Any CPU
		{073F9D34-17DC-79F9-A89B-DED3F6846363}.Release|Any CPU.Build.0 = Release|Any CPU
	EndGlobalSection
	GlobalSection(SolutionProperties) = preSolution
		HideSolutionNode = FALSE
	EndGlobalSection
	GlobalSection(MonoDevelopProperties) = preSolution
		StartupItem = Assembly-CSharp.csproj
	EndGlobalSection
EndGlobal
